
Microsoft Visual Studio Solution File, Format Version 12.00
# Visual Studio Version 17
VisualStudioVersion = 17.2.32526.322
MinimumVisualStudioVersion = 10.0.40219.1
Project("{8BC9CEB8-8B4A-11D0-8D11-00A0C91BC942}") = "ConnectSUMO_Harm", "ConnectSUMO_Harm\ConnectSUMO_Harm.vcxproj", "{BB37AD7A-ED30-42CA-B9D4-B2124D00FCE6}"
EndProject
Project("{8BC9CEB8-8B4A-11D0-8D11-00A0C91BC942}") = "TestMemMap", "TestMemMap\TestMemMap.vcxproj", "{478778F4-8EF9-4E18-A926-4BC7738A33EA}"
EndProject
Global
	GlobalSection(SolutionConfigurationPlatforms) = preSolution
		Debug|x64 = Debug|x64
		Debug|x86 = Debug|x86
		Release|x64 = Release|x64
		Release|x86 = Release|x86
	EndGlobalSection
	GlobalSection(ProjectConfigurationPlatforms) = postSolution
		{BB37AD7A-ED30-42CA-B9D4-B2124D00FCE6}.Debug|x64.ActiveCfg = Debug|x64
		{BB37AD7A-ED30-42CA-B9D4-B2124D00FCE6}.Debug|x64.Build.0 = Debug|x64
		{BB37AD7A-ED30-42CA-B9D4-B2124D00FCE6}.Debug|x86.ActiveCfg = Debug|Win32
		{BB37AD7A-ED30-42CA-B9D4-B2124D00FCE6}.Debug|x86.Build.0 = Debug|Win32
		{BB37AD7A-ED30-42CA-B9D4-B2124D00FCE6}.Release|x64.ActiveCfg = Release|x64
		{BB37AD7A-ED30-42CA-B9D4-B2124D00FCE6}.Release|x64.Build.0 = Release|x64
		{BB37AD7A-ED30-42CA-B9D4-B2124D00FCE6}.Release|x86.ActiveCfg = Release|Win32
		{BB37AD7A-ED30-42CA-B9D4-B2124D00FCE6}.Release|x86.Build.0 = Release|Win32
		{478778F4-8EF9-4E18-A926-4BC7738A33EA}.Debug|x64.ActiveCfg = Debug|x64
		{478778F4-8EF9-4E18-A926-4BC7738A33EA}.Debug|x64.Build.0 = Debug|x64
		{478778F4-8EF9-4E18-A926-4BC7738A33EA}.Debug|x86.ActiveCfg = Debug|Win32
		{478778F4-8EF9-4E18-A926-4BC7738A33EA}.Debug|x86.Build.0 = Debug|Win32
		{478778F4-8EF9-4E18-A926-4BC7738A33EA}.Release|x64.ActiveCfg = Release|x64
		{478778F4-8EF9-4E18-A926-4BC7738A33EA}.Release|x64.Build.0 = Release|x64
		{478778F4-8EF9-4E18-A926-4BC7738A33EA}.Release|x86.ActiveCfg = Release|Win32
		{478778F4-8EF9-4E18-A926-4BC7738A33EA}.Release|x86.Build.0 = Release|Win32
	EndGlobalSection
	GlobalSection(SolutionProperties) = preSolution
		HideSolutionNode = FALSE
	EndGlobalSection
	GlobalSection(ExtensibilityGlobals) = postSolution
		SolutionGuid = {2A8B5C04-71AF-4D01-961A-CC93A9351139}
	EndGlobalSection
EndGlobal
